
Microsoft Visual Studio Solution File, Format Version 12.00
# Visual Studio Version 17
VisualStudioVersion = 17.1.32319.34
MinimumVisualStudioVersion = 10.0.40219.1
Project("{9A19103F-16F7-4668-BE54-9A1E7A4F7556}") = "AspNetCoreJwtIdentity", ".\AspNetCoreJwtIdentity\AspNetCoreJwtIdentity.csproj", "{0F16B6A2-EB3F-4C2B-B5CA-9DB41962C50F}"
EndProject
Project("{9A19103F-16F7-4668-BE54-9A1E7A4F7556}") = "Entities", ".\Entities\Entities.csproj", "{EFDBC7B8-1181-4D2E-9E11-F0545564465D}"
EndProject
Project("{9A19103F-16F7-4668-BE54-9A1E7A4F7556}") = "SharedModel", ".\SharedModel\SharedModel.csproj", "{394CDB8F-DE5E-4950-8579-809272CB9355}"
EndProject
Project("{9A19103F-16F7-4668-BE54-9A1E7A4F7556}") = "AspNetCoreJwtIdentity_Test", ".\AspNetCoreJwtIdentity_Test\AspNetCoreJwtIdentity_Test.csproj", "{0C29EFDD-236A-4609-BC86-0817B252D1C5}"
EndProject
Project("{9A19103F-16F7-4668-BE54-9A1E7A4F7556}") = "BusinessLayer", ".\BusinessLayer\BusinessLayer.csproj", "{8735A5DF-6178-4CAD-B119-1D89C1CDA6B0}"
EndProject
Global
	GlobalSection(SolutionConfigurationPlatforms) = preSolution
		Debug|Any CPU = Debug|Any CPU
		Release|Any CPU = Release|Any CPU
	EndGlobalSection
	GlobalSection(ProjectConfigurationPlatforms) = postSolution
		{0F16B6A2-EB3F-4C2B-B5CA-9DB41962C50F}.Debug|Any CPU.ActiveCfg = Debug|Any CPU
		{0F16B6A2-EB3F-4C2B-B5CA-9DB41962C50F}.Debug|Any CPU.Build.0 = Debug|Any CPU
		{0F16B6A2-EB3F-4C2B-B5CA-9DB41962C50F}.Release|Any CPU.ActiveCfg = Release|Any CPU
		{0F16B6A2-EB3F-4C2B-B5CA-9DB41962C50F}.Release|Any CPU.Build.0 = Release|Any CPU
		{EFDBC7B8-1181-4D2E-9E11-F0545564465D}.Debug|Any CPU.ActiveCfg = Debug|Any CPU
		{EFDBC7B8-1181-4D2E-9E11-F0545564465D}.Debug|Any CPU.Build.0 = Debug|Any CPU
		{EFDBC7B8-1181-4D2E-9E11-F0545564465D}.Release|Any CPU.ActiveCfg = Release|Any CPU
		{EFDBC7B8-1181-4D2E-9E11-F0545564465D}.Release|Any CPU.Build.0 = Release|Any CPU
		{394CDB8F-DE5E-4950-8579-809272CB9355}.Debug|Any CPU.ActiveCfg = Debug|Any CPU
		{394CDB8F-DE5E-4950-8579-809272CB9355}.Debug|Any CPU.Build.0 = Debug|Any CPU
		{394CDB8F-DE5E-4950-8579-809272CB9355}.Release|Any CPU.ActiveCfg = Release|Any CPU
		{394CDB8F-DE5E-4950-8579-809272CB9355}.Release|Any CPU.Build.0 = Release|Any CPU
		{0C29EFDD-236A-4609-BC86-0817B252D1C5}.Debug|Any CPU.ActiveCfg = Debug|Any CPU
		{0C29EFDD-236A-4609-BC86-0817B252D1C5}.Debug|Any CPU.Build.0 = Debug|Any CPU
		{0C29EFDD-236A-4609-BC86-0817B252D1C5}.Release|Any CPU.ActiveCfg = Release|Any CPU
		{0C29EFDD-236A-4609-BC86-0817B252D1C5}.Release|Any CPU.Build.0 = Release|Any CPU
		{8735A5DF-6178-4CAD-B119-1D89C1CDA6B0}.Debug|Any CPU.ActiveCfg = Debug|Any CPU
		{8735A5DF-6178-4CAD-B119-1D89C1CDA6B0}.Debug|Any CPU.Build.0 = Debug|Any CPU
		{8735A5DF-6178-4CAD-B119-1D89C1CDA6B0}.Release|Any CPU.ActiveCfg = Release|Any CPU
		{8735A5DF-6178-4CAD-B119-1D89C1CDA6B0}.Release|Any CPU.Build.0 = Release|Any CPU
	EndGlobalSection
	GlobalSection(SolutionProperties) = preSolution
		HideSolutionNode = FALSE
	EndGlobalSection
	GlobalSection(ExtensibilityGlobals) = postSolution
		SolutionGuid = {B6874932-54C9-4B1F-877E-9F357E8817DE}
	EndGlobalSection
EndGlobal
